
Microsoft Visual Studio Solution File, Format Version 12.00
# Visual Studio 2012
Project("{FAE04EC0-301F-11D3-BF4B-00C04F79EFBC}") = "PairingExercise", "PairingExercise\PairingExercise.csproj", "{D768C74B-3D04-4C44-B91D-459EB47075D7}"
EndProject
Project("{FAE04EC0-301F-11D3-BF4B-00C04F79EFBC}") = "PairingExerciseTests", "PairingExerciseTests\PairingExerciseTests.csproj", "{EFDCA395-AFF5-4342-B81F-3CD1C5165DA3}"
EndProject
Global
	GlobalSection(SolutionConfigurationPlatforms) = preSolution
		Debug|Any CPU = Debug|Any CPU
		Release|Any CPU = Release|Any CPU
	EndGlobalSection
	GlobalSection(ProjectConfigurationPlatforms) = postSolution
		{D768C74B-3D04-4C44-B91D-459EB47075D7}.Debug|Any CPU.ActiveCfg = Debug|Any CPU
		{D768C74B-3D04-4C44-B91D-459EB47075D7}.Debug|Any CPU.Build.0 = Debug|Any CPU
		{D768C74B-3D04-4C44-B91D-459EB47075D7}.Release|Any CPU.ActiveCfg = Release|Any CPU
		{D768C74B-3D04-4C44-B91D-459EB47075D7}.Release|Any CPU.Build.0 = Release|Any CPU
		{EFDCA395-AFF5-4342-B81F-3CD1C5165DA3}.Debug|Any CPU.ActiveCfg = Debug|Any CPU
		{EFDCA395-AFF5-4342-B81F-3CD1C5165DA3}.Debug|Any CPU.Build.0 = Debug|Any CPU
		{EFDCA395-AFF5-4342-B81F-3CD1C5165DA3}.Release|Any CPU.ActiveCfg = Release|Any CPU
		{EFDCA395-AFF5-4342-B81F-3CD1C5165DA3}.Release|Any CPU.Build.0 = Release|Any CPU
	EndGlobalSection
	GlobalSection(SolutionProperties) = preSolution
		HideSolutionNode = FALSE
	EndGlobalSection
EndGlobal
